<?xml version="1.0" encoding="utf-8"?>
<Project ToolsVersion="17.0" xmlns="http://schemas.microsoft.com/developer/msbuild/2003">
  <ItemGroup>
    <CustomBuild Include="C:\Users\minec\OneDrive\Documents\Libs\glm\CMakeFiles\1c52c8cd4385510934c1ed68d9e70488\PACKAGE_force.rule">
      <Filter>CMake Rules</Filter>
    </CustomBuild>
  </ItemGroup>
  <ItemGroup>
    <Filter Include="CMake Rules">
      <UniqueIdentifier>{62C7255D-4272-3B7D-997E-29CF3CEC4F51}</UniqueIdentifier>
    </Filter>
  </ItemGroup>
</Project>
