
Microsoft Visual Studio Solution File, Format Version 12.00
# Visual Studio Version 17
Project("{2150E333-8FDC-42A3-9474-1A3956D46DE8}") = "CMakePredefinedTargets", "CMakePredefinedTargets", "{90C61835-061C-3040-B23A-1A5389192A6E}"
EndProject
Project("{2150E333-8FDC-42A3-9474-1A3956D46DE8}") = "GLFW3", "GLFW3", "{4F9DD401-D6E9-302D-A79A-DD1D3288959F}"
EndProject
Project("{2150E333-8FDC-42A3-9474-1A3956D46DE8}") = "Examples", "GLFW3\Examples", "{25A952DC-5405-3466-9CAA-452E7CE89492}"
EndProject
Project("{2150E333-8FDC-42A3-9474-1A3956D46DE8}") = "Tests", "GLFW3\Tests", "{EDA09DEC-41C0-32C9-B20D-EB7251752C4F}"
EndProject
Project("{8BC9CEB8-8B4A-11D0-8D11-00A0C91BC942}") = "ALL_BUILD", "ALL_BUILD.vcxproj", "{F0CE9FEF-2E3A-3916-A196-133F3D871BFA}"
	ProjectSection(ProjectDependencies) = postProject
		{ADDCEB27-0CB6-392E-B06F-42F4D5E9B53F} = {ADDCEB27-0CB6-392E-B06F-42F4D5E9B53F}
		{C5BBE441-8A83-3313-B6A9-3DE5E9423C65} = {C5BBE441-8A83-3313-B6A9-3DE5E9423C65}
		{608CB72E-7A74-3DD4-924E-D429F11A3041} = {608CB72E-7A74-3DD4-924E-D429F11A3041}
		{339FB2E9-486B-3DD1-BA92-A621DDE9434B} = {339FB2E9-486B-3DD1-BA92-A621DDE9434B}
		{609584A2-F889-359C-8752-80685568E9BB} = {609584A2-F889-359C-8752-80685568E9BB}
		{B0A0C4F3-7958-3421-A6BB-99A155B9AD33} = {B0A0C4F3-7958-3421-A6BB-99A155B9AD33}
		{62A87D63-14CE-3960-A654-1223C22D8C88} = {62A87D63-14CE-3960-A654-1223C22D8C88}
		{D23D412B-2785-38D6-B865-48DCAA9932B3} = {D23D412B-2785-38D6-B865-48DCAA9932B3}
		{D01B8BF8-4E53-336C-A818-D42F45D2E85A} = {D01B8BF8-4E53-336C-A818-D42F45D2E85A}
		{9745C9F0-529D-3AE5-B168-E22314D82149} = {9745C9F0-529D-3AE5-B168-E22314D82149}
		{24A5747A-CD3C-3F8B-99A7-31609F50C7DF} = {24A5747A-CD3C-3F8B-99A7-31609F50C7DF}
		{88A79D6B-4726-351D-B4D9-F7EB19391E46} = {88A79D6B-4726-351D-B4D9-F7EB19391E46}
		{92FBCD76-C359-3038-9793-6E93A7346AC1} = {92FBCD76-C359-3038-9793-6E93A7346AC1}
		{5EB435F3-B745-3F4F-94D3-4C0EC67EAE80} = {5EB435F3-B745-3F4F-94D3-4C0EC67EAE80}
		{404A83D8-74D1-3B24-B812-1156AB2EC19A} = {404A83D8-74D1-3B24-B812-1156AB2EC19A}
		{54791E2B-E663-3B45-B9B3-D0F9B01FC933} = {54791E2B-E663-3B45-B9B3-D0F9B01FC933}
		{6C4B0E8C-9D12-35DA-B980-286D1CA00B3A} = {6C4B0E8C-9D12-35DA-B980-286D1CA00B3A}
		{2AEC97D6-354A-341E-A4C5-3282C3003E1B} = {2AEC97D6-354A-341E-A4C5-3282C3003E1B}
		{737A8F8B-6D7E-3CD2-923F-731B71DB80BE} = {737A8F8B-6D7E-3CD2-923F-731B71DB80BE}
		{8302C516-B69C-31CD-B3E6-9C2DCADC64BC} = {8302C516-B69C-31CD-B3E6-9C2DCADC64BC}
		{E5AAB0BC-FDD8-3A82-BFA1-D8173015D2ED} = {E5AAB0BC-FDD8-3A82-BFA1-D8173015D2ED}
		{7EE2CFE3-4DA8-3C15-8F74-423A55A03996} = {7EE2CFE3-4DA8-3C15-8F74-423A55A03996}
		{E7B17AAC-617E-3D2A-B08A-C1820528F7B3} = {E7B17AAC-617E-3D2A-B08A-C1820528F7B3}
		{01362F3E-E7F0-388E-9658-474848552A37} = {01362F3E-E7F0-388E-9658-474848552A37}
		{B7036890-5852-3BFF-898E-C21C4373501B} = {B7036890-5852-3BFF-898E-C21C4373501B}
		{B27B85D0-9E08-3685-AA9D-F3E2E692A34D} = {B27B85D0-9E08-3685-AA9D-F3E2E692A34D}
		{3363B940-7EEA-33D6-86AD-EC2A46A5C7C5} = {3363B940-7EEA-33D6-86AD-EC2A46A5C7C5}
		{E1537D82-DD8D-3284-BA44-94DAC64DE0B4} = {E1537D82-DD8D-3284-BA44-94DAC64DE0B4}
		{472029E0-A009-3793-BBFC-4F35D336E991} = {472029E0-A009-3793-BBFC-4F35D336E991}
		{51BD4C08-80D2-37E8-A54F-AB65F91B492B} = {51BD4C08-80D2-37E8-A54F-AB65F91B492B}
		{215201A1-1EC6-3879-849A-D44ECAB2AEDB} = {215201A1-1EC6-3879-849A-D44ECAB2AEDB}
	EndProjectSection
EndProject
Project("{8BC9CEB8-8B4A-11D0-8D11-00A0C91BC942}") = "INSTALL", "INSTALL.vcxproj", "{8F3A1A7A-52A7-380F-A862-B763A22E5374}"
	ProjectSection(ProjectDependencies) = postProject
		{F0CE9FEF-2E3A-3916-A196-133F3D871BFA} = {F0CE9FEF-2E3A-3916-A196-133F3D871BFA}
		{ADDCEB27-0CB6-392E-B06F-42F4D5E9B53F} = {ADDCEB27-0CB6-392E-B06F-42F4D5E9B53F}
	EndProjectSection
EndProject
Project("{8BC9CEB8-8B4A-11D0-8D11-00A0C91BC942}") = "ZERO_CHECK", "ZERO_CHECK.vcxproj", "{ADDCEB27-0CB6-392E-B06F-42F4D5E9B53F}"
	ProjectSection(ProjectDependencies) = postProject
	EndProjectSection
EndProject
Project("{8BC9CEB8-8B4A-11D0-8D11-00A0C91BC942}") = "boing", "examples\boing.vcxproj", "{C5BBE441-8A83-3313-B6A9-3DE5E9423C65}"
	ProjectSection(ProjectDependencies) = postProject
		{ADDCEB27-0CB6-392E-B06F-42F4D5E9B53F} = {ADDCEB27-0CB6-392E-B06F-42F4D5E9B53F}
		{D01B8BF8-4E53-336C-A818-D42F45D2E85A} = {D01B8BF8-4E53-336C-A818-D42F45D2E85A}
	EndProjectSection
EndProject
Project("{8BC9CEB8-8B4A-11D0-8D11-00A0C91BC942}") = "clipboard", "tests\clipboard.vcxproj", "{608CB72E-7A74-3DD4-924E-D429F11A3041}"
	ProjectSection(ProjectDependencies) = postProject
		{ADDCEB27-0CB6-392E-B06F-42F4D5E9B53F} = {ADDCEB27-0CB6-392E-B06F-42F4D5E9B53F}
		{D01B8BF8-4E53-336C-A818-D42F45D2E85A} = {D01B8BF8-4E53-336C-A818-D42F45D2E85A}
	EndProjectSection
EndProject
Project("{8BC9CEB8-8B4A-11D0-8D11-00A0C91BC942}") = "cursor", "tests\cursor.vcxproj", "{339FB2E9-486B-3DD1-BA92-A621DDE9434B}"
	ProjectSection(ProjectDependencies) = postProject
		{ADDCEB27-0CB6-392E-B06F-42F4D5E9B53F} = {ADDCEB27-0CB6-392E-B06F-42F4D5E9B53F}
		{D01B8BF8-4E53-336C-A818-D42F45D2E85A} = {D01B8BF8-4E53-336C-A818-D42F45D2E85A}
	EndProjectSection
EndProject
Project("{8BC9CEB8-8B4A-11D0-8D11-00A0C91BC942}") = "empty", "tests\empty.vcxproj", "{609584A2-F889-359C-8752-80685568E9BB}"
	ProjectSection(ProjectDependencies) = postProject
		{ADDCEB27-0CB6-392E-B06F-42F4D5E9B53F} = {ADDCEB27-0CB6-392E-B06F-42F4D5E9B53F}
		{D01B8BF8-4E53-336C-A818-D42F45D2E85A} = {D01B8BF8-4E53-336C-A818-D42F45D2E85A}
	EndProjectSection
EndProject
Project("{8BC9CEB8-8B4A-11D0-8D11-00A0C91BC942}") = "events", "tests\events.vcxproj", "{B0A0C4F3-7958-3421-A6BB-99A155B9AD33}"
	ProjectSection(ProjectDependencies) = postProject
		{ADDCEB27-0CB6-392E-B06F-42F4D5E9B53F} = {ADDCEB27-0CB6-392E-B06F-42F4D5E9B53F}
		{D01B8BF8-4E53-336C-A818-D42F45D2E85A} = {D01B8BF8-4E53-336C-A818-D42F45D2E85A}
	EndProjectSection
EndProject
Project("{8BC9CEB8-8B4A-11D0-8D11-00A0C91BC942}") = "gamma", "tests\gamma.vcxproj", "{62A87D63-14CE-3960-A654-1223C22D8C88}"
	ProjectSection(ProjectDependencies) = postProject
		{ADDCEB27-0CB6-392E-B06F-42F4D5E9B53F} = {ADDCEB27-0CB6-392E-B06F-42F4D5E9B53F}
		{D01B8BF8-4E53-336C-A818-D42F45D2E85A} = {D01B8BF8-4E53-336C-A818-D42F45D2E85A}
	EndProjectSection
EndProject
Project("{8BC9CEB8-8B4A-11D0-8D11-00A0C91BC942}") = "gears", "examples\gears.vcxproj", "{D23D412B-2785-38D6-B865-48DCAA9932B3}"
	ProjectSection(ProjectDependencies) = postProject
		{ADDCEB27-0CB6-392E-B06F-42F4D5E9B53F} = {ADDCEB27-0CB6-392E-B06F-42F4D5E9B53F}
		{D01B8BF8-4E53-336C-A818-D42F45D2E85A} = {D01B8BF8-4E53-336C-A818-D42F45D2E85A}
	EndProjectSection
EndProject
Project("{8BC9CEB8-8B4A-11D0-8D11-00A0C91BC942}") = "glfw", "src\glfw.vcxproj", "{D01B8BF8-4E53-336C-A818-D42F45D2E85A}"
	ProjectSection(ProjectDependencies) = postProject
		{ADDCEB27-0CB6-392E-B06F-42F4D5E9B53F} = {ADDCEB27-0CB6-392E-B06F-42F4D5E9B53F}
	EndProjectSection
EndProject
Project("{8BC9CEB8-8B4A-11D0-8D11-00A0C91BC942}") = "glfwinfo", "tests\glfwinfo.vcxproj", "{9745C9F0-529D-3AE5-B168-E22314D82149}"
	ProjectSection(ProjectDependencies) = postProject
		{ADDCEB27-0CB6-392E-B06F-42F4D5E9B53F} = {ADDCEB27-0CB6-392E-B06F-42F4D5E9B53F}
		{D01B8BF8-4E53-336C-A818-D42F45D2E85A} = {D01B8BF8-4E53-336C-A818-D42F45D2E85A}
	EndProjectSection
EndProject
Project("{8BC9CEB8-8B4A-11D0-8D11-00A0C91BC942}") = "heightmap", "examples\heightmap.vcxproj", "{24A5747A-CD3C-3F8B-99A7-31609F50C7DF}"
	ProjectSection(ProjectDependencies) = postProject
		{ADDCEB27-0CB6-392E-B06F-42F4D5E9B53F} = {ADDCEB27-0CB6-392E-B06F-42F4D5E9B53F}
		{D01B8BF8-4E53-336C-A818-D42F45D2E85A} = {D01B8BF8-4E53-336C-A818-D42F45D2E85A}
	EndProjectSection
EndProject
Project("{8BC9CEB8-8B4A-11D0-8D11-00A0C91BC942}") = "icon", "tests\icon.vcxproj", "{88A79D6B-4726-351D-B4D9-F7EB19391E46}"
	ProjectSection(ProjectDependencies) = postProject
		{ADDCEB27-0CB6-392E-B06F-42F4D5E9B53F} = {ADDCEB27-0CB6-392E-B06F-42F4D5E9B53F}
		{D01B8BF8-4E53-336C-A818-D42F45D2E85A} = {D01B8BF8-4E53-336C-A818-D42F45D2E85A}
	EndProjectSection
EndProject
Project("{8BC9CEB8-8B4A-11D0-8D11-00A0C91BC942}") = "iconify", "tests\iconify.vcxproj", "{92FBCD76-C359-3038-9793-6E93A7346AC1}"
	ProjectSection(ProjectDependencies) = postProject
		{ADDCEB27-0CB6-392E-B06F-42F4D5E9B53F} = {ADDCEB27-0CB6-392E-B06F-42F4D5E9B53F}
		{D01B8BF8-4E53-336C-A818-D42F45D2E85A} = {D01B8BF8-4E53-336C-A818-D42F45D2E85A}
	EndProjectSection
EndProject
Project("{8BC9CEB8-8B4A-11D0-8D11-00A0C91BC942}") = "inputlag", "tests\inputlag.vcxproj", "{5EB435F3-B745-3F4F-94D3-4C0EC67EAE80}"
	ProjectSection(ProjectDependencies) = postProject
		{ADDCEB27-0CB6-392E-B06F-42F4D5E9B53F} = {ADDCEB27-0CB6-392E-B06F-42F4D5E9B53F}
		{D01B8BF8-4E53-336C-A818-D42F45D2E85A} = {D01B8BF8-4E53-336C-A818-D42F45D2E85A}
	EndProjectSection
EndProject
Project("{8BC9CEB8-8B4A-11D0-8D11-00A0C91BC942}") = "joysticks", "tests\joysticks.vcxproj", "{404A83D8-74D1-3B24-B812-1156AB2EC19A}"
	ProjectSection(ProjectDependencies) = postProject
		{ADDCEB27-0CB6-392E-B06F-42F4D5E9B53F} = {ADDCEB27-0CB6-392E-B06F-42F4D5E9B53F}
		{D01B8BF8-4E53-336C-A818-D42F45D2E85A} = {D01B8BF8-4E53-336C-A818-D42F45D2E85A}
	EndProjectSection
EndProject
Project("{8BC9CEB8-8B4A-11D0-8D11-00A0C91BC942}") = "monitors", "tests\monitors.vcxproj", "{54791E2B-E663-3B45-B9B3-D0F9B01FC933}"
	ProjectSection(ProjectDependencies) = postProject
		{ADDCEB27-0CB6-392E-B06F-42F4D5E9B53F} = {ADDCEB27-0CB6-392E-B06F-42F4D5E9B53F}
		{D01B8BF8-4E53-336C-A818-D42F45D2E85A} = {D01B8BF8-4E53-336C-A818-D42F45D2E85A}
	EndProjectSection
EndProject
Project("{8BC9CEB8-8B4A-11D0-8D11-00A0C91BC942}") = "msaa", "tests\msaa.vcxproj", "{6C4B0E8C-9D12-35DA-B980-286D1CA00B3A}"
	ProjectSection(ProjectDependencies) = postProject
		{ADDCEB27-0CB6-392E-B06F-42F4D5E9B53F} = {ADDCEB27-0CB6-392E-B06F-42F4D5E9B53F}
		{D01B8BF8-4E53-336C-A818-D42F45D2E85A} = {D01B8BF8-4E53-336C-A818-D42F45D2E85A}
	EndProjectSection
EndProject
Project("{8BC9CEB8-8B4A-11D0-8D11-00A0C91BC942}") = "offscreen", "examples\offscreen.vcxproj", "{2AEC97D6-354A-341E-A4C5-3282C3003E1B}"
	ProjectSection(ProjectDependencies) = postProject
		{ADDCEB27-0CB6-392E-B06F-42F4D5E9B53F} = {ADDCEB27-0CB6-392E-B06F-42F4D5E9B53F}
		{D01B8BF8-4E53-336C-A818-D42F45D2E85A} = {D01B8BF8-4E53-336C-A818-D42F45D2E85A}
	EndProjectSection
EndProject
Project("{8BC9CEB8-8B4A-11D0-8D11-00A0C91BC942}") = "opacity", "tests\opacity.vcxproj", "{737A8F8B-6D7E-3CD2-923F-731B71DB80BE}"
	ProjectSection(ProjectDependencies) = postProject
		{ADDCEB27-0CB6-392E-B06F-42F4D5E9B53F} = {ADDCEB27-0CB6-392E-B06F-42F4D5E9B53F}
		{D01B8BF8-4E53-336C-A818-D42F45D2E85A} = {D01B8BF8-4E53-336C-A818-D42F45D2E85A}
	EndProjectSection
EndProject
Project("{8BC9CEB8-8B4A-11D0-8D11-00A0C91BC942}") = "particles", "examples\particles.vcxproj", "{8302C516-B69C-31CD-B3E6-9C2DCADC64BC}"
	ProjectSection(ProjectDependencies) = postProject
		{ADDCEB27-0CB6-392E-B06F-42F4D5E9B53F} = {ADDCEB27-0CB6-392E-B06F-42F4D5E9B53F}
		{D01B8BF8-4E53-336C-A818-D42F45D2E85A} = {D01B8BF8-4E53-336C-A818-D42F45D2E85A}
	EndProjectSection
EndProject
Project("{8BC9CEB8-8B4A-11D0-8D11-00A0C91BC942}") = "reopen", "tests\reopen.vcxproj", "{E5AAB0BC-FDD8-3A82-BFA1-D8173015D2ED}"
	ProjectSection(ProjectDependencies) = postProject
		{ADDCEB27-0CB6-392E-B06F-42F4D5E9B53F} = {ADDCEB27-0CB6-392E-B06F-42F4D5E9B53F}
		{D01B8BF8-4E53-336C-A818-D42F45D2E85A} = {D01B8BF8-4E53-336C-A818-D42F45D2E85A}
	EndProjectSection
EndProject
Project("{8BC9CEB8-8B4A-11D0-8D11-00A0C91BC942}") = "sharing", "examples\sharing.vcxproj", "{7EE2CFE3-4DA8-3C15-8F74-423A55A03996}"
	ProjectSection(ProjectDependencies) = postProject
		{ADDCEB27-0CB6-392E-B06F-42F4D5E9B53F} = {ADDCEB27-0CB6-392E-B06F-42F4D5E9B53F}
		{D01B8BF8-4E53-336C-A818-D42F45D2E85A} = {D01B8BF8-4E53-336C-A818-D42F45D2E85A}
	EndProjectSection
EndProject
Project("{8BC9CEB8-8B4A-11D0-8D11-00A0C91BC942}") = "simple", "examples\simple.vcxproj", "{E7B17AAC-617E-3D2A-B08A-C1820528F7B3}"
	ProjectSection(ProjectDependencies) = postProject
		{ADDCEB27-0CB6-392E-B06F-42F4D5E9B53F} = {ADDCEB27-0CB6-392E-B06F-42F4D5E9B53F}
		{D01B8BF8-4E53-336C-A818-D42F45D2E85A} = {D01B8BF8-4E53-336C-A818-D42F45D2E85A}
	EndProjectSection
EndProject
Project("{8BC9CEB8-8B4A-11D0-8D11-00A0C91BC942}") = "splitview", "examples\splitview.vcxproj", "{01362F3E-E7F0-388E-9658-474848552A37}"
	ProjectSection(ProjectDependencies) = postProject
		{ADDCEB27-0CB6-392E-B06F-42F4D5E9B53F} = {ADDCEB27-0CB6-392E-B06F-42F4D5E9B53F}
		{D01B8BF8-4E53-336C-A818-D42F45D2E85A} = {D01B8BF8-4E53-336C-A818-D42F45D2E85A}
	EndProjectSection
EndProject
Project("{8BC9CEB8-8B4A-11D0-8D11-00A0C91BC942}") = "tearing", "tests\tearing.vcxproj", "{B7036890-5852-3BFF-898E-C21C4373501B}"
	ProjectSection(ProjectDependencies) = postProject
		{ADDCEB27-0CB6-392E-B06F-42F4D5E9B53F} = {ADDCEB27-0CB6-392E-B06F-42F4D5E9B53F}
		{D01B8BF8-4E53-336C-A818-D42F45D2E85A} = {D01B8BF8-4E53-336C-A818-D42F45D2E85A}
	EndProjectSection
EndProject
Project("{8BC9CEB8-8B4A-11D0-8D11-00A0C91BC942}") = "threads", "tests\threads.vcxproj", "{B27B85D0-9E08-3685-AA9D-F3E2E692A34D}"
	ProjectSection(ProjectDependencies) = postProject
		{ADDCEB27-0CB6-392E-B06F-42F4D5E9B53F} = {ADDCEB27-0CB6-392E-B06F-42F4D5E9B53F}
		{D01B8BF8-4E53-336C-A818-D42F45D2E85A} = {D01B8BF8-4E53-336C-A818-D42F45D2E85A}
	EndProjectSection
EndProject
Project("{8BC9CEB8-8B4A-11D0-8D11-00A0C91BC942}") = "timeout", "tests\timeout.vcxproj", "{3363B940-7EEA-33D6-86AD-EC2A46A5C7C5}"
	ProjectSection(ProjectDependencies) = postProject
		{ADDCEB27-0CB6-392E-B06F-42F4D5E9B53F} = {ADDCEB27-0CB6-392E-B06F-42F4D5E9B53F}
		{D01B8BF8-4E53-336C-A818-D42F45D2E85A} = {D01B8BF8-4E53-336C-A818-D42F45D2E85A}
	EndProjectSection
EndProject
Project("{8BC9CEB8-8B4A-11D0-8D11-00A0C91BC942}") = "title", "tests\title.vcxproj", "{E1537D82-DD8D-3284-BA44-94DAC64DE0B4}"
	ProjectSection(ProjectDependencies) = postProject
		{ADDCEB27-0CB6-392E-B06F-42F4D5E9B53F} = {ADDCEB27-0CB6-392E-B06F-42F4D5E9B53F}
		{D01B8BF8-4E53-336C-A818-D42F45D2E85A} = {D01B8BF8-4E53-336C-A818-D42F45D2E85A}
	EndProjectSection
EndProject
Project("{8BC9CEB8-8B4A-11D0-8D11-00A0C91BC942}") = "triangle-vulkan", "tests\triangle-vulkan.vcxproj", "{472029E0-A009-3793-BBFC-4F35D336E991}"
	ProjectSection(ProjectDependencies) = postProject
		{ADDCEB27-0CB6-392E-B06F-42F4D5E9B53F} = {ADDCEB27-0CB6-392E-B06F-42F4D5E9B53F}
		{D01B8BF8-4E53-336C-A818-D42F45D2E85A} = {D01B8BF8-4E53-336C-A818-D42F45D2E85A}
	EndProjectSection
EndProject
Project("{8BC9CEB8-8B4A-11D0-8D11-00A0C91BC942}") = "uninstall", "uninstall.vcxproj", "{A8DFE35B-8959-3392-BA33-9187A23C53B1}"
	ProjectSection(ProjectDependencies) = postProject
		{ADDCEB27-0CB6-392E-B06F-42F4D5E9B53F} = {ADDCEB27-0CB6-392E-B06F-42F4D5E9B53F}
	EndProjectSection
EndProject
Project("{8BC9CEB8-8B4A-11D0-8D11-00A0C91BC942}") = "update_mappings", "src\update_mappings.vcxproj", "{1E2558B4-EA8B-392F-84A4-2C00988DF3EF}"
	ProjectSection(ProjectDependencies) = postProject
		{ADDCEB27-0CB6-392E-B06F-42F4D5E9B53F} = {ADDCEB27-0CB6-392E-B06F-42F4D5E9B53F}
	EndProjectSection
EndProject
Project("{8BC9CEB8-8B4A-11D0-8D11-00A0C91BC942}") = "wave", "examples\wave.vcxproj", "{51BD4C08-80D2-37E8-A54F-AB65F91B492B}"
	ProjectSection(ProjectDependencies) = postProject
		{ADDCEB27-0CB6-392E-B06F-42F4D5E9B53F} = {ADDCEB27-0CB6-392E-B06F-42F4D5E9B53F}
		{D01B8BF8-4E53-336C-A818-D42F45D2E85A} = {D01B8BF8-4E53-336C-A818-D42F45D2E85A}
	EndProjectSection
EndProject
Project("{8BC9CEB8-8B4A-11D0-8D11-00A0C91BC942}") = "windows", "tests\windows.vcxproj", "{215201A1-1EC6-3879-849A-D44ECAB2AEDB}"
	ProjectSection(ProjectDependencies) = postProject
		{ADDCEB27-0CB6-392E-B06F-42F4D5E9B53F} = {ADDCEB27-0CB6-392E-B06F-42F4D5E9B53F}
		{D01B8BF8-4E53-336C-A818-D42F45D2E85A} = {D01B8BF8-4E53-336C-A818-D42F45D2E85A}
	EndProjectSection
EndProject
Global
	GlobalSection(SolutionConfigurationPlatforms) = preSolution
		Debug|x64 = Debug|x64
		Release|x64 = Release|x64
		MinSizeRel|x64 = MinSizeRel|x64
		RelWithDebInfo|x64 = RelWithDebInfo|x64
	EndGlobalSection
	GlobalSection(ProjectConfigurationPlatforms) = postSolution
		{F0CE9FEF-2E3A-3916-A196-133F3D871BFA}.Debug|x64.ActiveCfg = Debug|x64
		{F0CE9FEF-2E3A-3916-A196-133F3D871BFA}.Debug|x64.Build.0 = Debug|x64
		{F0CE9FEF-2E3A-3916-A196-133F3D871BFA}.Release|x64.ActiveCfg = Release|x64
		{F0CE9FEF-2E3A-3916-A196-133F3D871BFA}.Release|x64.Build.0 = Release|x64
		{F0CE9FEF-2E3A-3916-A196-133F3D871BFA}.MinSizeRel|x64.ActiveCfg = MinSizeRel|x64
		{F0CE9FEF-2E3A-3916-A196-133F3D871BFA}.MinSizeRel|x64.Build.0 = MinSizeRel|x64
		{F0CE9FEF-2E3A-3916-A196-133F3D871BFA}.RelWithDebInfo|x64.ActiveCfg = RelWithDebInfo|x64
		{F0CE9FEF-2E3A-3916-A196-133F3D871BFA}.RelWithDebInfo|x64.Build.0 = RelWithDebInfo|x64
		{8F3A1A7A-52A7-380F-A862-B763A22E5374}.Debug|x64.ActiveCfg = Debug|x64
		{8F3A1A7A-52A7-380F-A862-B763A22E5374}.Release|x64.ActiveCfg = Release|x64
		{8F3A1A7A-52A7-380F-A862-B763A22E5374}.MinSizeRel|x64.ActiveCfg = MinSizeRel|x64
		{8F3A1A7A-52A7-380F-A862-B763A22E5374}.RelWithDebInfo|x64.ActiveCfg = RelWithDebInfo|x64
		{ADDCEB27-0CB6-392E-B06F-42F4D5E9B53F}.Debug|x64.ActiveCfg = Debug|x64
		{ADDCEB27-0CB6-392E-B06F-42F4D5E9B53F}.Debug|x64.Build.0 = Debug|x64
		{ADDCEB27-0CB6-392E-B06F-42F4D5E9B53F}.Release|x64.ActiveCfg = Release|x64
		{ADDCEB27-0CB6-392E-B06F-42F4D5E9B53F}.Release|x64.Build.0 = Release|x64
		{ADDCEB27-0CB6-392E-B06F-42F4D5E9B53F}.MinSizeRel|x64.ActiveCfg = MinSizeRel|x64
		{ADDCEB27-0CB6-392E-B06F-42F4D5E9B53F}.MinSizeRel|x64.Build.0 = MinSizeRel|x64
		{ADDCEB27-0CB6-392E-B06F-42F4D5E9B53F}.RelWithDebInfo|x64.ActiveCfg = RelWithDebInfo|x64
		{ADDCEB27-0CB6-392E-B06F-42F4D5E9B53F}.RelWithDebInfo|x64.Build.0 = RelWithDebInfo|x64
		{C5BBE441-8A83-3313-B6A9-3DE5E9423C65}.Debug|x64.ActiveCfg = Debug|x64
		{C5BBE441-8A83-3313-B6A9-3DE5E9423C65}.Debug|x64.Build.0 = Debug|x64
		{C5BBE441-8A83-3313-B6A9-3DE5E9423C65}.Release|x64.ActiveCfg = Release|x64
		{C5BBE441-8A83-3313-B6A9-3DE5E9423C65}.Release|x64.Build.0 = Release|x64
		{C5BBE441-8A83-3313-B6A9-3DE5E9423C65}.MinSizeRel|x64.ActiveCfg = MinSizeRel|x64
		{C5BBE441-8A83-3313-B6A9-3DE5E9423C65}.MinSizeRel|x64.Build.0 = MinSizeRel|x64
		{C5BBE441-8A83-3313-B6A9-3DE5E9423C65}.RelWithDebInfo|x64.ActiveCfg = RelWithDebInfo|x64
		{C5BBE441-8A83-3313-B6A9-3DE5E9423C65}.RelWithDebInfo|x64.Build.0 = RelWithDebInfo|x64
		{608CB72E-7A74-3DD4-924E-D429F11A3041}.Debug|x64.ActiveCfg = Debug|x64
		{608CB72E-7A74-3DD4-924E-D429F11A3041}.Debug|x64.Build.0 = Debug|x64
		{608CB72E-7A74-3DD4-924E-D429F11A3041}.Release|x64.ActiveCfg = Release|x64
		{608CB72E-7A74-3DD4-924E-D429F11A3041}.Release|x64.Build.0 = Release|x64
		{608CB72E-7A74-3DD4-924E-D429F11A3041}.MinSizeRel|x64.ActiveCfg = MinSizeRel|x64
		{608CB72E-7A74-3DD4-924E-D429F11A3041}.MinSizeRel|x64.Build.0 = MinSizeRel|x64
		{608CB72E-7A74-3DD4-924E-D429F11A3041}.RelWithDebInfo|x64.ActiveCfg = RelWithDebInfo|x64
		{608CB72E-7A74-3DD4-924E-D429F11A3041}.RelWithDebInfo|x64.Build.0 = RelWithDebInfo|x64
		{339FB2E9-486B-3DD1-BA92-A621DDE9434B}.Debug|x64.ActiveCfg = Debug|x64
		{339FB2E9-486B-3DD1-BA92-A621DDE9434B}.Debug|x64.Build.0 = Debug|x64
		{339FB2E9-486B-3DD1-BA92-A621DDE9434B}.Release|x64.ActiveCfg = Release|x64
		{339FB2E9-486B-3DD1-BA92-A621DDE9434B}.Release|x64.Build.0 = Release|x64
		{339FB2E9-486B-3DD1-BA92-A621DDE9434B}.MinSizeRel|x64.ActiveCfg = MinSizeRel|x64
		{339FB2E9-486B-3DD1-BA92-A621DDE9434B}.MinSizeRel|x64.Build.0 = MinSizeRel|x64
		{339FB2E9-486B-3DD1-BA92-A621DDE9434B}.RelWithDebInfo|x64.ActiveCfg = RelWithDebInfo|x64
		{339FB2E9-486B-3DD1-BA92-A621DDE9434B}.RelWithDebInfo|x64.Build.0 = RelWithDebInfo|x64
		{609584A2-F889-359C-8752-80685568E9BB}.Debug|x64.ActiveCfg = Debug|x64
		{609584A2-F889-359C-8752-80685568E9BB}.Debug|x64.Build.0 = Debug|x64
		{609584A2-F889-359C-8752-80685568E9BB}.Release|x64.ActiveCfg = Release|x64
		{609584A2-F889-359C-8752-80685568E9BB}.Release|x64.Build.0 = Release|x64
		{609584A2-F889-359C-8752-80685568E9BB}.MinSizeRel|x64.ActiveCfg = MinSizeRel|x64
		{609584A2-F889-359C-8752-80685568E9BB}.MinSizeRel|x64.Build.0 = MinSizeRel|x64
		{609584A2-F889-359C-8752-80685568E9BB}.RelWithDebInfo|x64.ActiveCfg = RelWithDebInfo|x64
		{609584A2-F889-359C-8752-80685568E9BB}.RelWithDebInfo|x64.Build.0 = RelWithDebInfo|x64
		{B0A0C4F3-7958-3421-A6BB-99A155B9AD33}.Debug|x64.ActiveCfg = Debug|x64
		{B0A0C4F3-7958-3421-A6BB-99A155B9AD33}.Debug|x64.Build.0 = Debug|x64
		{B0A0C4F3-7958-3421-A6BB-99A155B9AD33}.Release|x64.ActiveCfg = Release|x64
		{B0A0C4F3-7958-3421-A6BB-99A155B9AD33}.Release|x64.Build.0 = Release|x64
		{B0A0C4F3-7958-3421-A6BB-99A155B9AD33}.MinSizeRel|x64.ActiveCfg = MinSizeRel|x64
		{B0A0C4F3-7958-3421-A6BB-99A155B9AD33}.MinSizeRel|x64.Build.0 = MinSizeRel|x64
		{B0A0C4F3-7958-3421-A6BB-99A155B9AD33}.RelWithDebInfo|x64.ActiveCfg = RelWithDebInfo|x64
		{B0A0C4F3-7958-3421-A6BB-99A155B9AD33}.RelWithDebInfo|x64.Build.0 = RelWithDebInfo|x64
		{62A87D63-14CE-3960-A654-1223C22D8C88}.Debug|x64.ActiveCfg = Debug|x64
		{62A87D63-14CE-3960-A654-1223C22D8C88}.Debug|x64.Build.0 = Debug|x64
		{62A87D63-14CE-3960-A654-1223C22D8C88}.Release|x64.ActiveCfg = Release|x64
		{62A87D63-14CE-3960-A654-1223C22D8C88}.Release|x64.Build.0 = Release|x64
		{62A87D63-14CE-3960-A654-1223C22D8C88}.MinSizeRel|x64.ActiveCfg = MinSizeRel|x64
		{62A87D63-14CE-3960-A654-1223C22D8C88}.MinSizeRel|x64.Build.0 = MinSizeRel|x64
		{62A87D63-14CE-3960-A654-1223C22D8C88}.RelWithDebInfo|x64.ActiveCfg = RelWithDebInfo|x64
		{62A87D63-14CE-3960-A654-1223C22D8C88}.RelWithDebInfo|x64.Build.0 = RelWithDebInfo|x64
		{D23D412B-2785-38D6-B865-48DCAA9932B3}.Debug|x64.ActiveCfg = Debug|x64
		{D23D412B-2785-38D6-B865-48DCAA9932B3}.Debug|x64.Build.0 = Debug|x64
		{D23D412B-2785-38D6-B865-48DCAA9932B3}.Release|x64.ActiveCfg = Release|x64
		{D23D412B-2785-38D6-B865-48DCAA9932B3}.Release|x64.Build.0 = Release|x64
		{D23D412B-2785-38D6-B865-48DCAA9932B3}.MinSizeRel|x64.ActiveCfg = MinSizeRel|x64
		{D23D412B-2785-38D6-B865-48DCAA9932B3}.MinSizeRel|x64.Build.0 = MinSizeRel|x64
		{D23D412B-2785-38D6-B865-48DCAA9932B3}.RelWithDebInfo|x64.ActiveCfg = RelWithDebInfo|x64
		{D23D412B-2785-38D6-B865-48DCAA9932B3}.RelWithDebInfo|x64.Build.0 = RelWithDebInfo|x64
		{D01B8BF8-4E53-336C-A818-D42F45D2E85A}.Debug|x64.ActiveCfg = Debug|x64
		{D01B8BF8-4E53-336C-A818-D42F45D2E85A}.Debug|x64.Build.0 = Debug|x64
		{D01B8BF8-4E53-336C-A818-D42F45D2E85A}.Release|x64.ActiveCfg = Release|x64
		{D01B8BF8-4E53-336C-A818-D42F45D2E85A}.Release|x64.Build.0 = Release|x64
		{D01B8BF8-4E53-336C-A818-D42F45D2E85A}.MinSizeRel|x64.ActiveCfg = MinSizeRel|x64
		{D01B8BF8-4E53-336C-A818-D42F45D2E85A}.MinSizeRel|x64.Build.0 = MinSizeRel|x64
		{D01B8BF8-4E53-336C-A818-D42F45D2E85A}.RelWithDebInfo|x64.ActiveCfg = RelWithDebInfo|x64
		{D01B8BF8-4E53-336C-A818-D42F45D2E85A}.RelWithDebInfo|x64.Build.0 = RelWithDebInfo|x64
		{9745C9F0-529D-3AE5-B168-E22314D82149}.Debug|x64.ActiveCfg = Debug|x64
		{9745C9F0-529D-3AE5-B168-E22314D82149}.Debug|x64.Build.0 = Debug|x64
		{9745C9F0-529D-3AE5-B168-E22314D82149}.Release|x64.ActiveCfg = Release|x64
		{9745C9F0-529D-3AE5-B168-E22314D82149}.Release|x64.Build.0 = Release|x64
		{9745C9F0-529D-3AE5-B168-E22314D82149}.MinSizeRel|x64.ActiveCfg = MinSizeRel|x64
		{9745C9F0-529D-3AE5-B168-E22314D82149}.MinSizeRel|x64.Build.0 = MinSizeRel|x64
		{9745C9F0-529D-3AE5-B168-E22314D82149}.RelWithDebInfo|x64.ActiveCfg = RelWithDebInfo|x64
		{9745C9F0-529D-3AE5-B168-E22314D82149}.RelWithDebInfo|x64.Build.0 = RelWithDebInfo|x64
		{24A5747A-CD3C-3F8B-99A7-31609F50C7DF}.Debug|x64.ActiveCfg = Debug|x64
		{24A5747A-CD3C-3F8B-99A7-31609F50C7DF}.Debug|x64.Build.0 = Debug|x64
		{24A5747A-CD3C-3F8B-99A7-31609F50C7DF}.Release|x64.ActiveCfg = Release|x64
		{24A5747A-CD3C-3F8B-99A7-31609F50C7DF}.Release|x64.Build.0 = Release|x64
		{24A5747A-CD3C-3F8B-99A7-31609F50C7DF}.MinSizeRel|x64.ActiveCfg = MinSizeRel|x64
		{24A5747A-CD3C-3F8B-99A7-31609F50C7DF}.MinSizeRel|x64.Build.0 = MinSizeRel|x64
		{24A5747A-CD3C-3F8B-99A7-31609F50C7DF}.RelWithDebInfo|x64.ActiveCfg = RelWithDebInfo|x64
		{24A5747A-CD3C-3F8B-99A7-31609F50C7DF}.RelWithDebInfo|x64.Build.0 = RelWithDebInfo|x64
		{88A79D6B-4726-351D-B4D9-F7EB19391E46}.Debug|x64.ActiveCfg = Debug|x64
		{88A79D6B-4726-351D-B4D9-F7EB19391E46}.Debug|x64.Build.0 = Debug|x64
		{88A79D6B-4726-351D-B4D9-F7EB19391E46}.Release|x64.ActiveCfg = Release|x64
		{88A79D6B-4726-351D-B4D9-F7EB19391E46}.Release|x64.Build.0 = Release|x64
		{88A79D6B-4726-351D-B4D9-F7EB19391E46}.MinSizeRel|x64.ActiveCfg = MinSizeRel|x64
		{88A79D6B-4726-351D-B4D9-F7EB19391E46}.MinSizeRel|x64.Build.0 = MinSizeRel|x64
		{88A79D6B-4726-351D-B4D9-F7EB19391E46}.RelWithDebInfo|x64.ActiveCfg = RelWithDebInfo|x64
		{88A79D6B-4726-351D-B4D9-F7EB19391E46}.RelWithDebInfo|x64.Build.0 = RelWithDebInfo|x64
		{92FBCD76-C359-3038-9793-6E93A7346AC1}.Debug|x64.ActiveCfg = Debug|x64
		{92FBCD76-C359-3038-9793-6E93A7346AC1}.Debug|x64.Build.0 = Debug|x64
		{92FBCD76-C359-3038-9793-6E93A7346AC1}.Release|x64.ActiveCfg = Release|x64
		{92FBCD76-C359-3038-9793-6E93A7346AC1}.Release|x64.Build.0 = Release|x64
		{92FBCD76-C359-3038-9793-6E93A7346AC1}.MinSizeRel|x64.ActiveCfg = MinSizeRel|x64
		{92FBCD76-C359-3038-9793-6E93A7346AC1}.MinSizeRel|x64.Build.0 = MinSizeRel|x64
		{92FBCD76-C359-3038-9793-6E93A7346AC1}.RelWithDebInfo|x64.ActiveCfg = RelWithDebInfo|x64
		{92FBCD76-C359-3038-9793-6E93A7346AC1}.RelWithDebInfo|x64.Build.0 = RelWithDebInfo|x64
		{5EB435F3-B745-3F4F-94D3-4C0EC67EAE80}.Debug|x64.ActiveCfg = Debug|x64
		{5EB435F3-B745-3F4F-94D3-4C0EC67EAE80}.Debug|x64.Build.0 = Debug|x64
		{5EB435F3-B745-3F4F-94D3-4C0EC67EAE80}.Release|x64.ActiveCfg = Release|x64
		{5EB435F3-B745-3F4F-94D3-4C0EC67EAE80}.Release|x64.Build.0 = Release|x64
		{5EB435F3-B745-3F4F-94D3-4C0EC67EAE80}.MinSizeRel|x64.ActiveCfg = MinSizeRel|x64
		{5EB435F3-B745-3F4F-94D3-4C0EC67EAE80}.MinSizeRel|x64.Build.0 = MinSizeRel|x64
		{5EB435F3-B745-3F4F-94D3-4C0EC67EAE80}.RelWithDebInfo|x64.ActiveCfg = RelWithDebInfo|x64
		{5EB435F3-B745-3F4F-94D3-4C0EC67EAE80}.RelWithDebInfo|x64.Build.0 = RelWithDebInfo|x64
		{404A83D8-74D1-3B24-B812-1156AB2EC19A}.Debug|x64.ActiveCfg = Debug|x64
		{404A83D8-74D1-3B24-B812-1156AB2EC19A}.Debug|x64.Build.0 = Debug|x64
		{404A83D8-74D1-3B24-B812-1156AB2EC19A}.Release|x64.ActiveCfg = Release|x64
		{404A83D8-74D1-3B24-B812-1156AB2EC19A}.Release|x64.Build.0 = Release|x64
		{404A83D8-74D1-3B24-B812-1156AB2EC19A}.MinSizeRel|x64.ActiveCfg = MinSizeRel|x64
		{404A83D8-74D1-3B24-B812-1156AB2EC19A}.MinSizeRel|x64.Build.0 = MinSizeRel|x64
		{404A83D8-74D1-3B24-B812-1156AB2EC19A}.RelWithDebInfo|x64.ActiveCfg = RelWithDebInfo|x64
		{404A83D8-74D1-3B24-B812-1156AB2EC19A}.RelWithDebInfo|x64.Build.0 = RelWithDebInfo|x64
		{54791E2B-E663-3B45-B9B3-D0F9B01FC933}.Debug|x64.ActiveCfg = Debug|x64
		{54791E2B-E663-3B45-B9B3-D0F9B01FC933}.Debug|x64.Build.0 = Debug|x64
		{54791E2B-E663-3B45-B9B3-D0F9B01FC933}.Release|x64.ActiveCfg = Release|x64
		{54791E2B-E663-3B45-B9B3-D0F9B01FC933}.Release|x64.Build.0 = Release|x64
		{54791E2B-E663-3B45-B9B3-D0F9B01FC933}.MinSizeRel|x64.ActiveCfg = MinSizeRel|x64
		{54791E2B-E663-3B45-B9B3-D0F9B01FC933}.MinSizeRel|x64.Build.0 = MinSizeRel|x64
		{54791E2B-E663-3B45-B9B3-D0F9B01FC933}.RelWithDebInfo|x64.ActiveCfg = RelWithDebInfo|x64
		{54791E2B-E663-3B45-B9B3-D0F9B01FC933}.RelWithDebInfo|x64.Build.0 = RelWithDebInfo|x64
		{6C4B0E8C-9D12-35DA-B980-286D1CA00B3A}.Debug|x64.ActiveCfg = Debug|x64
		{6C4B0E8C-9D12-35DA-B980-286D1CA00B3A}.Debug|x64.Build.0 = Debug|x64
		{6C4B0E8C-9D12-35DA-B980-286D1CA00B3A}.Release|x64.ActiveCfg = Release|x64
		{6C4B0E8C-9D12-35DA-B980-286D1CA00B3A}.Release|x64.Build.0 = Release|x64
		{6C4B0E8C-9D12-35DA-B980-286D1CA00B3A}.MinSizeRel|x64.ActiveCfg = MinSizeRel|x64
		{6C4B0E8C-9D12-35DA-B980-286D1CA00B3A}.MinSizeRel|x64.Build.0 = MinSizeRel|x64
		{6C4B0E8C-9D12-35DA-B980-286D1CA00B3A}.RelWithDebInfo|x64.ActiveCfg = RelWithDebInfo|x64
		{6C4B0E8C-9D12-35DA-B980-286D1CA00B3A}.RelWithDebInfo|x64.Build.0 = RelWithDebInfo|x64
		{2AEC97D6-354A-341E-A4C5-3282C3003E1B}.Debug|x64.ActiveCfg = Debug|x64
		{2AEC97D6-354A-341E-A4C5-3282C3003E1B}.Debug|x64.Build.0 = Debug|x64
		{2AEC97D6-354A-341E-A4C5-3282C3003E1B}.Release|x64.ActiveCfg = Release|x64
		{2AEC97D6-354A-341E-A4C5-3282C3003E1B}.Release|x64.Build.0 = Release|x64
		{2AEC97D6-354A-341E-A4C5-3282C3003E1B}.MinSizeRel|x64.ActiveCfg = MinSizeRel|x64
		{2AEC97D6-354A-341E-A4C5-3282C3003E1B}.MinSizeRel|x64.Build.0 = MinSizeRel|x64
		{2AEC97D6-354A-341E-A4C5-3282C3003E1B}.RelWithDebInfo|x64.ActiveCfg = RelWithDebInfo|x64
		{2AEC97D6-354A-341E-A4C5-3282C3003E1B}.RelWithDebInfo|x64.Build.0 = RelWithDebInfo|x64
		{737A8F8B-6D7E-3CD2-923F-731B71DB80BE}.Debug|x64.ActiveCfg = Debug|x64
		{737A8F8B-6D7E-3CD2-923F-731B71DB80BE}.Debug|x64.Build.0 = Debug|x64
		{737A8F8B-6D7E-3CD2-923F-731B71DB80BE}.Release|x64.ActiveCfg = Release|x64
		{737A8F8B-6D7E-3CD2-923F-731B71DB80BE}.Release|x64.Build.0 = Release|x64
		{737A8F8B-6D7E-3CD2-923F-731B71DB80BE}.MinSizeRel|x64.ActiveCfg = MinSizeRel|x64
		{737A8F8B-6D7E-3CD2-923F-731B71DB80BE}.MinSizeRel|x64.Build.0 = MinSizeRel|x64
		{737A8F8B-6D7E-3CD2-923F-731B71DB80BE}.RelWithDebInfo|x64.ActiveCfg = RelWithDebInfo|x64
		{737A8F8B-6D7E-3CD2-923F-731B71DB80BE}.RelWithDebInfo|x64.Build.0 = RelWithDebInfo|x64
		{8302C516-B69C-31CD-B3E6-9C2DCADC64BC}.Debug|x64.ActiveCfg = Debug|x64
		{8302C516-B69C-31CD-B3E6-9C2DCADC64BC}.Debug|x64.Build.0 = Debug|x64
		{8302C516-B69C-31CD-B3E6-9C2DCADC64BC}.Release|x64.ActiveCfg = Release|x64
		{8302C516-B69C-31CD-B3E6-9C2DCADC64BC}.Release|x64.Build.0 = Release|x64
		{8302C516-B69C-31CD-B3E6-9C2DCADC64BC}.MinSizeRel|x64.ActiveCfg = MinSizeRel|x64
		{8302C516-B69C-31CD-B3E6-9C2DCADC64BC}.MinSizeRel|x64.Build.0 = MinSizeRel|x64
		{8302C516-B69C-31CD-B3E6-9C2DCADC64BC}.RelWithDebInfo|x64.ActiveCfg = RelWithDebInfo|x64
		{8302C516-B69C-31CD-B3E6-9C2DCADC64BC}.RelWithDebInfo|x64.Build.0 = RelWithDebInfo|x64
		{E5AAB0BC-FDD8-3A82-BFA1-D8173015D2ED}.Debug|x64.ActiveCfg = Debug|x64
		{E5AAB0BC-FDD8-3A82-BFA1-D8173015D2ED}.Debug|x64.Build.0 = Debug|x64
		{E5AAB0BC-FDD8-3A82-BFA1-D8173015D2ED}.Release|x64.ActiveCfg = Release|x64
		{E5AAB0BC-FDD8-3A82-BFA1-D8173015D2ED}.Release|x64.Build.0 = Release|x64
		{E5AAB0BC-FDD8-3A82-BFA1-D8173015D2ED}.MinSizeRel|x64.ActiveCfg = MinSizeRel|x64
		{E5AAB0BC-FDD8-3A82-BFA1-D8173015D2ED}.MinSizeRel|x64.Build.0 = MinSizeRel|x64
		{E5AAB0BC-FDD8-3A82-BFA1-D8173015D2ED}.RelWithDebInfo|x64.ActiveCfg = RelWithDebInfo|x64
		{E5AAB0BC-FDD8-3A82-BFA1-D8173015D2ED}.RelWithDebInfo|x64.Build.0 = RelWithDebInfo|x64
		{7EE2CFE3-4DA8-3C15-8F74-423A55A03996}.Debug|x64.ActiveCfg = Debug|x64
		{7EE2CFE3-4DA8-3C15-8F74-423A55A03996}.Debug|x64.Build.0 = Debug|x64
		{7EE2CFE3-4DA8-3C15-8F74-423A55A03996}.Release|x64.ActiveCfg = Release|x64
		{7EE2CFE3-4DA8-3C15-8F74-423A55A03996}.Release|x64.Build.0 = Release|x64
		{7EE2CFE3-4DA8-3C15-8F74-423A55A03996}.MinSizeRel|x64.ActiveCfg = MinSizeRel|x64
		{7EE2CFE3-4DA8-3C15-8F74-423A55A03996}.MinSizeRel|x64.Build.0 = MinSizeRel|x64
		{7EE2CFE3-4DA8-3C15-8F74-423A55A03996}.RelWithDebInfo|x64.ActiveCfg = RelWithDebInfo|x64
		{7EE2CFE3-4DA8-3C15-8F74-423A55A03996}.RelWithDebInfo|x64.Build.0 = RelWithDebInfo|x64
		{E7B17AAC-617E-3D2A-B08A-C1820528F7B3}.Debug|x64.ActiveCfg = Debug|x64
		{E7B17AAC-617E-3D2A-B08A-C1820528F7B3}.Debug|x64.Build.0 = Debug|x64
		{E7B17AAC-617E-3D2A-B08A-C1820528F7B3}.Release|x64.ActiveCfg = Release|x64
		{E7B17AAC-617E-3D2A-B08A-C1820528F7B3}.Release|x64.Build.0 = Release|x64
		{E7B17AAC-617E-3D2A-B08A-C1820528F7B3}.MinSizeRel|x64.ActiveCfg = MinSizeRel|x64
		{E7B17AAC-617E-3D2A-B08A-C1820528F7B3}.MinSizeRel|x64.Build.0 = MinSizeRel|x64
		{E7B17AAC-617E-3D2A-B08A-C1820528F7B3}.RelWithDebInfo|x64.ActiveCfg = RelWithDebInfo|x64
		{E7B17AAC-617E-3D2A-B08A-C1820528F7B3}.RelWithDebInfo|x64.Build.0 = RelWithDebInfo|x64
		{01362F3E-E7F0-388E-9658-474848552A37}.Debug|x64.ActiveCfg = Debug|x64
		{01362F3E-E7F0-388E-9658-474848552A37}.Debug|x64.Build.0 = Debug|x64
		{01362F3E-E7F0-388E-9658-474848552A37}.Release|x64.ActiveCfg = Release|x64
		{01362F3E-E7F0-388E-9658-474848552A37}.Release|x64.Build.0 = Release|x64
		{01362F3E-E7F0-388E-9658-474848552A37}.MinSizeRel|x64.ActiveCfg = MinSizeRel|x64
		{01362F3E-E7F0-388E-9658-474848552A37}.MinSizeRel|x64.Build.0 = MinSizeRel|x64
		{01362F3E-E7F0-388E-9658-474848552A37}.RelWithDebInfo|x64.ActiveCfg = RelWithDebInfo|x64
		{01362F3E-E7F0-388E-9658-474848552A37}.RelWithDebInfo|x64.Build.0 = RelWithDebInfo|x64
		{B7036890-5852-3BFF-898E-C21C4373501B}.Debug|x64.ActiveCfg = Debug|x64
		{B7036890-5852-3BFF-898E-C21C4373501B}.Debug|x64.Build.0 = Debug|x64
		{B7036890-5852-3BFF-898E-C21C4373501B}.Release|x64.ActiveCfg = Release|x64
		{B7036890-5852-3BFF-898E-C21C4373501B}.Release|x64.Build.0 = Release|x64
		{B7036890-5852-3BFF-898E-C21C4373501B}.MinSizeRel|x64.ActiveCfg = MinSizeRel|x64
		{B7036890-5852-3BFF-898E-C21C4373501B}.MinSizeRel|x64.Build.0 = MinSizeRel|x64
		{B7036890-5852-3BFF-898E-C21C4373501B}.RelWithDebInfo|x64.ActiveCfg = RelWithDebInfo|x64
		{B7036890-5852-3BFF-898E-C21C4373501B}.RelWithDebInfo|x64.Build.0 = RelWithDebInfo|x64
		{B27B85D0-9E08-3685-AA9D-F3E2E692A34D}.Debug|x64.ActiveCfg = Debug|x64
		{B27B85D0-9E08-3685-AA9D-F3E2E692A34D}.Debug|x64.Build.0 = Debug|x64
		{B27B85D0-9E08-3685-AA9D-F3E2E692A34D}.Release|x64.ActiveCfg = Release|x64
		{B27B85D0-9E08-3685-AA9D-F3E2E692A34D}.Release|x64.Build.0 = Release|x64
		{B27B85D0-9E08-3685-AA9D-F3E2E692A34D}.MinSizeRel|x64.ActiveCfg = MinSizeRel|x64
		{B27B85D0-9E08-3685-AA9D-F3E2E692A34D}.MinSizeRel|x64.Build.0 = MinSizeRel|x64
		{B27B85D0-9E08-3685-AA9D-F3E2E692A34D}.RelWithDebInfo|x64.ActiveCfg = RelWithDebInfo|x64
		{B27B85D0-9E08-3685-AA9D-F3E2E692A34D}.RelWithDebInfo|x64.Build.0 = RelWithDebInfo|x64
		{3363B940-7EEA-33D6-86AD-EC2A46A5C7C5}.Debug|x64.ActiveCfg = Debug|x64
		{3363B940-7EEA-33D6-86AD-EC2A46A5C7C5}.Debug|x64.Build.0 = Debug|x64
		{3363B940-7EEA-33D6-86AD-EC2A46A5C7C5}.Release|x64.ActiveCfg = Release|x64
		{3363B940-7EEA-33D6-86AD-EC2A46A5C7C5}.Release|x64.Build.0 = Release|x64
		{3363B940-7EEA-33D6-86AD-EC2A46A5C7C5}.MinSizeRel|x64.ActiveCfg = MinSizeRel|x64
		{3363B940-7EEA-33D6-86AD-EC2A46A5C7C5}.MinSizeRel|x64.Build.0 = MinSizeRel|x64
		{3363B940-7EEA-33D6-86AD-EC2A46A5C7C5}.RelWithDebInfo|x64.ActiveCfg = RelWithDebInfo|x64
		{3363B940-7EEA-33D6-86AD-EC2A46A5C7C5}.RelWithDebInfo|x64.Build.0 = RelWithDebInfo|x64
		{E1537D82-DD8D-3284-BA44-94DAC64DE0B4}.Debug|x64.ActiveCfg = Debug|x64
		{E1537D82-DD8D-3284-BA44-94DAC64DE0B4}.Debug|x64.Build.0 = Debug|x64
		{E1537D82-DD8D-3284-BA44-94DAC64DE0B4}.Release|x64.ActiveCfg = Release|x64
		{E1537D82-DD8D-3284-BA44-94DAC64DE0B4}.Release|x64.Build.0 = Release|x64
		{E1537D82-DD8D-3284-BA44-94DAC64DE0B4}.MinSizeRel|x64.ActiveCfg = MinSizeRel|x64
		{E1537D82-DD8D-3284-BA44-94DAC64DE0B4}.MinSizeRel|x64.Build.0 = MinSizeRel|x64
		{E1537D82-DD8D-3284-BA44-94DAC64DE0B4}.RelWithDebInfo|x64.ActiveCfg = RelWithDebInfo|x64
		{E1537D82-DD8D-3284-BA44-94DAC64DE0B4}.RelWithDebInfo|x64.Build.0 = RelWithDebInfo|x64
		{472029E0-A009-3793-BBFC-4F35D336E991}.Debug|x64.ActiveCfg = Debug|x64
		{472029E0-A009-3793-BBFC-4F35D336E991}.Debug|x64.Build.0 = Debug|x64
		{472029E0-A009-3793-BBFC-4F35D336E991}.Release|x64.ActiveCfg = Release|x64
		{472029E0-A009-3793-BBFC-4F35D336E991}.Release|x64.Build.0 = Release|x64
		{472029E0-A009-3793-BBFC-4F35D336E991}.MinSizeRel|x64.ActiveCfg = MinSizeRel|x64
		{472029E0-A009-3793-BBFC-4F35D336E991}.MinSizeRel|x64.Build.0 = MinSizeRel|x64
		{472029E0-A009-3793-BBFC-4F35D336E991}.RelWithDebInfo|x64.ActiveCfg = RelWithDebInfo|x64
		{472029E0-A009-3793-BBFC-4F35D336E991}.RelWithDebInfo|x64.Build.0 = RelWithDebInfo|x64
		{A8DFE35B-8959-3392-BA33-9187A23C53B1}.Debug|x64.ActiveCfg = Debug|x64
		{A8DFE35B-8959-3392-BA33-9187A23C53B1}.Release|x64.ActiveCfg = Release|x64
		{A8DFE35B-8959-3392-BA33-9187A23C53B1}.MinSizeRel|x64.ActiveCfg = MinSizeRel|x64
		{A8DFE35B-8959-3392-BA33-9187A23C53B1}.RelWithDebInfo|x64.ActiveCfg = RelWithDebInfo|x64
		{1E2558B4-EA8B-392F-84A4-2C00988DF3EF}.Debug|x64.ActiveCfg = Debug|x64
		{1E2558B4-EA8B-392F-84A4-2C00988DF3EF}.Release|x64.ActiveCfg = Release|x64
		{1E2558B4-EA8B-392F-84A4-2C00988DF3EF}.MinSizeRel|x64.ActiveCfg = MinSizeRel|x64
		{1E2558B4-EA8B-392F-84A4-2C00988DF3EF}.RelWithDebInfo|x64.ActiveCfg = RelWithDebInfo|x64
		{51BD4C08-80D2-37E8-A54F-AB65F91B492B}.Debug|x64.ActiveCfg = Debug|x64
		{51BD4C08-80D2-37E8-A54F-AB65F91B492B}.Debug|x64.Build.0 = Debug|x64
		{51BD4C08-80D2-37E8-A54F-AB65F91B492B}.Release|x64.ActiveCfg = Release|x64
		{51BD4C08-80D2-37E8-A54F-AB65F91B492B}.Release|x64.Build.0 = Release|x64
		{51BD4C08-80D2-37E8-A54F-AB65F91B492B}.MinSizeRel|x64.ActiveCfg = MinSizeRel|x64
		{51BD4C08-80D2-37E8-A54F-AB65F91B492B}.MinSizeRel|x64.Build.0 = MinSizeRel|x64
		{51BD4C08-80D2-37E8-A54F-AB65F91B492B}.RelWithDebInfo|x64.ActiveCfg = RelWithDebInfo|x64
		{51BD4C08-80D2-37E8-A54F-AB65F91B492B}.RelWithDebInfo|x64.Build.0 = RelWithDebInfo|x64
		{215201A1-1EC6-3879-849A-D44ECAB2AEDB}.Debug|x64.ActiveCfg = Debug|x64
		{215201A1-1EC6-3879-849A-D44ECAB2AEDB}.Debug|x64.Build.0 = Debug|x64
		{215201A1-1EC6-3879-849A-D44ECAB2AEDB}.Release|x64.ActiveCfg = Release|x64
		{215201A1-1EC6-3879-849A-D44ECAB2AEDB}.Release|x64.Build.0 = Release|x64
		{215201A1-1EC6-3879-849A-D44ECAB2AEDB}.MinSizeRel|x64.ActiveCfg = MinSizeRel|x64
		{215201A1-1EC6-3879-849A-D44ECAB2AEDB}.MinSizeRel|x64.Build.0 = MinSizeRel|x64
		{215201A1-1EC6-3879-849A-D44ECAB2AEDB}.RelWithDebInfo|x64.ActiveCfg = RelWithDebInfo|x64
		{215201A1-1EC6-3879-849A-D44ECAB2AEDB}.RelWithDebInfo|x64.Build.0 = RelWithDebInfo|x64
	EndGlobalSection
	GlobalSection(NestedProjects) = preSolution
		{F0CE9FEF-2E3A-3916-A196-133F3D871BFA} = {90C61835-061C-3040-B23A-1A5389192A6E}
		{8F3A1A7A-52A7-380F-A862-B763A22E5374} = {90C61835-061C-3040-B23A-1A5389192A6E}
		{ADDCEB27-0CB6-392E-B06F-42F4D5E9B53F} = {90C61835-061C-3040-B23A-1A5389192A6E}
		{25A952DC-5405-3466-9CAA-452E7CE89492} = {4F9DD401-D6E9-302D-A79A-DD1D3288959F}
		{EDA09DEC-41C0-32C9-B20D-EB7251752C4F} = {4F9DD401-D6E9-302D-A79A-DD1D3288959F}
		{D01B8BF8-4E53-336C-A818-D42F45D2E85A} = {4F9DD401-D6E9-302D-A79A-DD1D3288959F}
		{A8DFE35B-8959-3392-BA33-9187A23C53B1} = {4F9DD401-D6E9-302D-A79A-DD1D3288959F}
		{1E2558B4-EA8B-392F-84A4-2C00988DF3EF} = {4F9DD401-D6E9-302D-A79A-DD1D3288959F}
		{C5BBE441-8A83-3313-B6A9-3DE5E9423C65} = {25A952DC-5405-3466-9CAA-452E7CE89492}
		{D23D412B-2785-38D6-B865-48DCAA9932B3} = {25A952DC-5405-3466-9CAA-452E7CE89492}
		{24A5747A-CD3C-3F8B-99A7-31609F50C7DF} = {25A952DC-5405-3466-9CAA-452E7CE89492}
		{2AEC97D6-354A-341E-A4C5-3282C3003E1B} = {25A952DC-5405-3466-9CAA-452E7CE89492}
		{8302C516-B69C-31CD-B3E6-9C2DCADC64BC} = {25A952DC-5405-3466-9CAA-452E7CE89492}
		{7EE2CFE3-4DA8-3C15-8F74-423A55A03996} = {25A952DC-5405-3466-9CAA-452E7CE89492}
		{E7B17AAC-617E-3D2A-B08A-C1820528F7B3} = {25A952DC-5405-3466-9CAA-452E7CE89492}
		{01362F3E-E7F0-388E-9658-474848552A37} = {25A952DC-5405-3466-9CAA-452E7CE89492}
		{51BD4C08-80D2-37E8-A54F-AB65F91B492B} = {25A952DC-5405-3466-9CAA-452E7CE89492}
		{608CB72E-7A74-3DD4-924E-D429F11A3041} = {EDA09DEC-41C0-32C9-B20D-EB7251752C4F}
		{339FB2E9-486B-3DD1-BA92-A621DDE9434B} = {EDA09DEC-41C0-32C9-B20D-EB7251752C4F}
		{609584A2-F889-359C-8752-80685568E9BB} = {EDA09DEC-41C0-32C9-B20D-EB7251752C4F}
		{B0A0C4F3-7958-3421-A6BB-99A155B9AD33} = {EDA09DEC-41C0-32C9-B20D-EB7251752C4F}
		{62A87D63-14CE-3960-A654-1223C22D8C88} = {EDA09DEC-41C0-32C9-B20D-EB7251752C4F}
		{9745C9F0-529D-3AE5-B168-E22314D82149} = {EDA09DEC-41C0-32C9-B20D-EB7251752C4F}
		{88A79D6B-4726-351D-B4D9-F7EB19391E46} = {EDA09DEC-41C0-32C9-B20D-EB7251752C4F}
		{92FBCD76-C359-3038-9793-6E93A7346AC1} = {EDA09DEC-41C0-32C9-B20D-EB7251752C4F}
		{5EB435F3-B745-3F4F-94D3-4C0EC67EAE80} = {EDA09DEC-41C0-32C9-B20D-EB7251752C4F}
		{404A83D8-74D1-3B24-B812-1156AB2EC19A} = {EDA09DEC-41C0-32C9-B20D-EB7251752C4F}
		{54791E2B-E663-3B45-B9B3-D0F9B01FC933} = {EDA09DEC-41C0-32C9-B20D-EB7251752C4F}
		{6C4B0E8C-9D12-35DA-B980-286D1CA00B3A} = {EDA09DEC-41C0-32C9-B20D-EB7251752C4F}
		{737A8F8B-6D7E-3CD2-923F-731B71DB80BE} = {EDA09DEC-41C0-32C9-B20D-EB7251752C4F}
		{E5AAB0BC-FDD8-3A82-BFA1-D8173015D2ED} = {EDA09DEC-41C0-32C9-B20D-EB7251752C4F}
		{B7036890-5852-3BFF-898E-C21C4373501B} = {EDA09DEC-41C0-32C9-B20D-EB7251752C4F}
		{B27B85D0-9E08-3685-AA9D-F3E2E692A34D} = {EDA09DEC-41C0-32C9-B20D-EB7251752C4F}
		{3363B940-7EEA-33D6-86AD-EC2A46A5C7C5} = {EDA09DEC-41C0-32C9-B20D-EB7251752C4F}
		{E1537D82-DD8D-3284-BA44-94DAC64DE0B4} = {EDA09DEC-41C0-32C9-B20D-EB7251752C4F}
		{472029E0-A009-3793-BBFC-4F35D336E991} = {EDA09DEC-41C0-32C9-B20D-EB7251752C4F}
		{215201A1-1EC6-3879-849A-D44ECAB2AEDB} = {EDA09DEC-41C0-32C9-B20D-EB7251752C4F}
	EndGlobalSection
	GlobalSection(ExtensibilityGlobals) = postSolution
		SolutionGuid = {7AB15A29-2BC3-364D-B4EF-9CC77A37D633}
	EndGlobalSection
	GlobalSection(ExtensibilityAddIns) = postSolution
	EndGlobalSection
EndGlobal
