<?xml version="1.0" encoding="utf-8"?>
<Project ToolsVersion="17.0" xmlns="http://schemas.microsoft.com/developer/msbuild/2003">
  <ItemGroup>
    <CustomBuild Include="C:\Users\minec\OneDrive\Documents\Libs\glfw\CMakeFiles\044a5d1acadfa1e3d83296a9d1e2705f\INSTALL_force.rule">
      <Filter>CMake Rules</Filter>
    </CustomBuild>
  </ItemGroup>
  <ItemGroup>
    <Filter Include="CMake Rules">
      <UniqueIdentifier>{6F660803-FBE4-32B2-B9B3-78776A9B6F43}</UniqueIdentifier>
    </Filter>
  </ItemGroup>
</Project>
