<?xml version="1.0" encoding="utf-8"?>
<Project ToolsVersion="17.0" xmlns="http://schemas.microsoft.com/developer/msbuild/2003">
  <ItemGroup>
    <CustomBuild Include="C:\Users\minec\OneDrive\Documents\Libs\glm\CMakeFiles\acd9d4846e2f4fd7452da56af5313cec\INSTALL_force.rule">
      <Filter>CMake Rules</Filter>
    </CustomBuild>
  </ItemGroup>
  <ItemGroup>
    <Filter Include="CMake Rules">
      <UniqueIdentifier>{62C7255D-4272-3B7D-997E-29CF3CEC4F51}</UniqueIdentifier>
    </Filter>
  </ItemGroup>
</Project>
